{
  "name": "assets",
  "lockfileVersion": 2,
  "requires": true,
  "packages": {
    "": {
      "license": "MIT",
      "dependencies": {
        "lodash.debounce": "^4.0.8",
        "monaco-editor": "^0.34.0",
        "monaco-emacs": "^0.3.0",
        "monaco-vim": "^0.3.4",
        "phoenix": "file:../deps/phoenix",
        "phoenix_html": "file:../deps/phoenix_html",
        "phoenix_live_view": "file:../deps/phoenix_live_view",
        "topbar": "^1.x"
      },
      "devDependencies": {
        "prettier": "^2.4.1"
      }
    },
    "../deps/phoenix": {
      "version": "1.6.12",
      "license": "MIT"
    },
    "../deps/phoenix_html": {
      "version": "3.2.0"
    },
    "../deps/phoenix_live_view": {
      "version": "0.17.11",
      "license": "MIT"
    },
    "node_modules/lodash.debounce": {
      "version": "4.0.8",
      "resolved": "https://registry.npmjs.org/lodash.debounce/-/lodash.debounce-4.0.8.tgz",
      "integrity": "sha512-FT1yDzDYEoYWhnSGnpE/4Kj1fLZkDFyqRb7fNt6FdYOSxlUWAtp42Eh6Wb0rGIv/m9Bgo7x4GhQbm5Ys4SG5ow=="
    },
    "node_modules/lodash.kebabcase": {
      "version": "4.1.1",
      "resolved": "https://registry.npmjs.org/lodash.kebabcase/-/lodash.kebabcase-4.1.1.tgz",
      "integrity": "sha512-N8XRTIMMqqDgSy4VLKPnJ/+hpGZN+PHQiJnSenYqPaVV/NCqEogTnAdZLQiGKhxX+JCs8waWq2t1XHWKOmlY8g=="
    },
    "node_modules/lodash.throttle": {
      "version": "4.1.1",
      "resolved": "https://registry.npmjs.org/lodash.throttle/-/lodash.throttle-4.1.1.tgz",
      "integrity": "sha512-wIkUCfVKpVsWo3JSZlc+8MB5it+2AN5W8J7YVMST30UrvcQNZ1Okbj+rbVniijTWE6FGYy4XJq/rHkas8qJMLQ=="
    },
    "node_modules/monaco-editor": {
      "version": "0.34.1",
      "resolved": "https://registry.npmjs.org/monaco-editor/-/monaco-editor-0.34.1.tgz",
      "integrity": "sha512-FKc80TyiMaruhJKKPz5SpJPIjL+dflGvz4CpuThaPMc94AyN7SeC9HQ8hrvaxX7EyHdJcUY5i4D0gNyJj1vSZQ=="
    },
    "node_modules/monaco-emacs": {
      "version": "0.3.0",
      "resolved": "https://registry.npmjs.org/monaco-emacs/-/monaco-emacs-0.3.0.tgz",
      "integrity": "sha512-T7uyCIqpLBmU2dO9pzQ3KTUt2RNOFtqLVQZA0lF8oJ2nphnomSNl29WpkTCJKJVFMmGKauPVB9fknEMFibEwCA==",
      "dependencies": {
        "lodash.kebabcase": "^4.1.1",
        "lodash.throttle": "^4.1.1"
      },
      "peerDependencies": {
        "monaco-editor": ">=0.31"
      }
    },
    "node_modules/monaco-vim": {
      "version": "0.3.5",
      "resolved": "https://registry.npmjs.org/monaco-vim/-/monaco-vim-0.3.5.tgz",
      "integrity": "sha512-4L8iHlhpYImhqQwGIfcsD9caxlW/eANRCk/77xTAAlxV2LLSfMpubnSXCGdoOu+GPlHM0frKFn3aUQJpoe0gjQ==",
      "peerDependencies": {
        "monaco-editor": "*"
      }
    },
    "node_modules/phoenix": {
      "resolved": "../deps/phoenix",
      "link": true
    },
    "node_modules/phoenix_html": {
      "resolved": "../deps/phoenix_html",
      "link": true
    },
    "node_modules/phoenix_live_view": {
      "resolved": "../deps/phoenix_live_view",
      "link": true
    },
    "node_modules/prettier": {
      "version": "2.6.2",
      "resolved": "https://registry.npmjs.org/prettier/-/prettier-2.6.2.tgz",
      "integrity": "sha512-PkUpF+qoXTqhOeWL9fu7As8LXsIUZ1WYaJiY/a7McAQzxjk82OF0tibkFXVCDImZtWxbvojFjerkiLb0/q8mew==",
      "dev": true,
      "bin": {
        "prettier": "bin-prettier.js"
      },
      "engines": {
        "node": ">=10.13.0"
      },
      "funding": {
        "url": "https://github.com/prettier/prettier?sponsor=1"
      }
    },
    "node_modules/topbar": {
      "version": "1.0.1",
      "resolved": "https://registry.npmjs.org/topbar/-/topbar-1.0.1.tgz",
      "integrity": "sha512-HZqQSMBiG29vcjOrqKCM9iGY/h69G5gQH7ae83ZCPz5uPmbQKwK0sMEqzVDBiu64tWHJ+kk9NApECrF+FAAvRA=="
    }
  },
  "dependencies": {
    "lodash.debounce": {
      "version": "4.0.8",
      "resolved": "https://registry.npmjs.org/lodash.debounce/-/lodash.debounce-4.0.8.tgz",
      "integrity": "sha512-FT1yDzDYEoYWhnSGnpE/4Kj1fLZkDFyqRb7fNt6FdYOSxlUWAtp42Eh6Wb0rGIv/m9Bgo7x4GhQbm5Ys4SG5ow=="
    },
    "lodash.kebabcase": {
      "version": "4.1.1",
      "resolved": "https://registry.npmjs.org/lodash.kebabcase/-/lodash.kebabcase-4.1.1.tgz",
      "integrity": "sha512-N8XRTIMMqqDgSy4VLKPnJ/+hpGZN+PHQiJnSenYqPaVV/NCqEogTnAdZLQiGKhxX+JCs8waWq2t1XHWKOmlY8g=="
    },
    "lodash.throttle": {
      "version": "4.1.1",
      "resolved": "https://registry.npmjs.org/lodash.throttle/-/lodash.throttle-4.1.1.tgz",
      "integrity": "sha512-wIkUCfVKpVsWo3JSZlc+8MB5it+2AN5W8J7YVMST30UrvcQNZ1Okbj+rbVniijTWE6FGYy4XJq/rHkas8qJMLQ=="
    },
    "monaco-editor": {
      "version": "0.34.1",
      "resolved": "https://registry.npmjs.org/monaco-editor/-/monaco-editor-0.34.1.tgz",
      "integrity": "sha512-FKc80TyiMaruhJKKPz5SpJPIjL+dflGvz4CpuThaPMc94AyN7SeC9HQ8hrvaxX7EyHdJcUY5i4D0gNyJj1vSZQ=="
    },
    "monaco-emacs": {
      "version": "0.3.0",
      "resolved": "https://registry.npmjs.org/monaco-emacs/-/monaco-emacs-0.3.0.tgz",
      "integrity": "sha512-T7uyCIqpLBmU2dO9pzQ3KTUt2RNOFtqLVQZA0lF8oJ2nphnomSNl29WpkTCJKJVFMmGKauPVB9fknEMFibEwCA==",
      "requires": {
        "lodash.kebabcase": "^4.1.1",
        "lodash.throttle": "^4.1.1"
      }
    },
    "monaco-vim": {
      "version": "0.3.5",
      "resolved": "https://registry.npmjs.org/monaco-vim/-/monaco-vim-0.3.5.tgz",
      "integrity": "sha512-4L8iHlhpYImhqQwGIfcsD9caxlW/eANRCk/77xTAAlxV2LLSfMpubnSXCGdoOu+GPlHM0frKFn3aUQJpoe0gjQ==",
      "requires": {}
    },
    "phoenix": {
      "version": "file:../deps/phoenix"
    },
    "phoenix_html": {
      "version": "file:../deps/phoenix_html"
    },
    "phoenix_live_view": {
      "version": "file:../deps/phoenix_live_view"
    },
    "prettier": {
      "version": "2.6.2",
      "resolved": "https://registry.npmjs.org/prettier/-/prettier-2.6.2.tgz",
      "integrity": "sha512-PkUpF+qoXTqhOeWL9fu7As8LXsIUZ1WYaJiY/a7McAQzxjk82OF0tibkFXVCDImZtWxbvojFjerkiLb0/q8mew==",
      "dev": true
    },
    "topbar": {
      "version": "1.0.1",
      "resolved": "https://registry.npmjs.org/topbar/-/topbar-1.0.1.tgz",
      "integrity": "sha512-HZqQSMBiG29vcjOrqKCM9iGY/h69G5gQH7ae83ZCPz5uPmbQKwK0sMEqzVDBiu64tWHJ+kk9NApECrF+FAAvRA=="
    }
  }
}
